
Microsoft Visual Studio Solution File, Format Version 12.00
# Visual Studio Version 17
VisualStudioVersion = 17.7.34202.233
MinimumVisualStudioVersion = 10.0.40219.1
Project("{FAE04EC0-301F-11D3-BF4B-00C04F79EFBC}") = "Git_ZPK", "Git_ZPK.csproj", "{D3FD92D7-82CB-4214-9570-04354E3E312C}"
EndProject
Global
	GlobalSection(SolutionConfigurationPlatforms) = preSolution
		Debug|Any CPU = Debug|Any CPU
		Release|Any CPU = Release|Any CPU
	EndGlobalSection
	GlobalSection(ProjectConfigurationPlatforms) = postSolution
		{D3FD92D7-82CB-4214-9570-04354E3E312C}.Debug|Any CPU.ActiveCfg = Debug|Any CPU
		{D3FD92D7-82CB-4214-9570-04354E3E312C}.Debug|Any CPU.Build.0 = Debug|Any CPU
		{D3FD92D7-82CB-4214-9570-04354E3E312C}.Release|Any CPU.ActiveCfg = Release|Any CPU
		{D3FD92D7-82CB-4214-9570-04354E3E312C}.Release|Any CPU.Build.0 = Release|Any CPU
	EndGlobalSection
	GlobalSection(SolutionProperties) = preSolution
		HideSolutionNode = FALSE
	EndGlobalSection
	GlobalSection(ExtensibilityGlobals) = postSolution
		SolutionGuid = {EB7977E6-0A66-430F-B427-D80A7E967738}
	EndGlobalSection
EndGlobal
